
Microsoft Visual Studio Solution File, Format Version 12.00
Project("{FAE04EC0-301F-11D3-BF4B-00C04F79EFBC}") = "TrackTor.WebService", "TrackTor.WebService\TrackTor.WebService.csproj", "{DA31D8D7-3954-4C2B-B966-F2E68EFA8011}"
EndProject
Project("{FAE04EC0-301F-11D3-BF4B-00C04F79EFBC}") = "TrackTor.Adaptor", "TrackTor.Adaptor\TrackTor.Adaptor.csproj", "{ACC4D0A3-5252-4537-BB77-C421BDED8674}"
EndProject
Project("{FAE04EC0-301F-11D3-BF4B-00C04F79EFBC}") = "TrackTor.DataBase", "TrackTor.DataBase\TrackTor.DataBase.csproj", "{DC1A00AB-82FF-4CD0-939E-3F4FD42A5B8C}"
EndProject
Project("{FAE04EC0-301F-11D3-BF4B-00C04F79EFBC}") = "TrackTor.Tests", "TrackTor.Tests\TrackTor.Tests.csproj", "{DAAF7E80-E1F5-4650-AA61-1EFD87E27F48}"
EndProject
Global
	GlobalSection(SolutionConfigurationPlatforms) = preSolution
		Debug|Any CPU = Debug|Any CPU
		Release|Any CPU = Release|Any CPU
	EndGlobalSection
	GlobalSection(ProjectConfigurationPlatforms) = postSolution
		{DA31D8D7-3954-4C2B-B966-F2E68EFA8011}.Debug|Any CPU.ActiveCfg = Debug|Any CPU
		{DA31D8D7-3954-4C2B-B966-F2E68EFA8011}.Debug|Any CPU.Build.0 = Debug|Any CPU
		{DA31D8D7-3954-4C2B-B966-F2E68EFA8011}.Release|Any CPU.ActiveCfg = Release|Any CPU
		{DA31D8D7-3954-4C2B-B966-F2E68EFA8011}.Release|Any CPU.Build.0 = Release|Any CPU
		{ACC4D0A3-5252-4537-BB77-C421BDED8674}.Debug|Any CPU.ActiveCfg = Debug|Any CPU
		{ACC4D0A3-5252-4537-BB77-C421BDED8674}.Debug|Any CPU.Build.0 = Debug|Any CPU
		{ACC4D0A3-5252-4537-BB77-C421BDED8674}.Release|Any CPU.ActiveCfg = Release|Any CPU
		{ACC4D0A3-5252-4537-BB77-C421BDED8674}.Release|Any CPU.Build.0 = Release|Any CPU
		{DC1A00AB-82FF-4CD0-939E-3F4FD42A5B8C}.Debug|Any CPU.ActiveCfg = Debug|Any CPU
		{DC1A00AB-82FF-4CD0-939E-3F4FD42A5B8C}.Debug|Any CPU.Build.0 = Debug|Any CPU
		{DC1A00AB-82FF-4CD0-939E-3F4FD42A5B8C}.Release|Any CPU.ActiveCfg = Release|Any CPU
		{DC1A00AB-82FF-4CD0-939E-3F4FD42A5B8C}.Release|Any CPU.Build.0 = Release|Any CPU
		{DAAF7E80-E1F5-4650-AA61-1EFD87E27F48}.Debug|Any CPU.ActiveCfg = Debug|Any CPU
		{DAAF7E80-E1F5-4650-AA61-1EFD87E27F48}.Debug|Any CPU.Build.0 = Debug|Any CPU
		{DAAF7E80-E1F5-4650-AA61-1EFD87E27F48}.Release|Any CPU.ActiveCfg = Release|Any CPU
		{DAAF7E80-E1F5-4650-AA61-1EFD87E27F48}.Release|Any CPU.Build.0 = Release|Any CPU
	EndGlobalSection
EndGlobal
